
Microsoft Visual Studio Solution File, Format Version 12.00
# Visual Studio Version 17
VisualStudioVersion = 17.10.35122.118
MinimumVisualStudioVersion = 10.0.40219.1
Project("{FAE04EC0-301F-11D3-BF4B-00C04F79EFBC}") = "ProjetoFuncoes", "ProjetoFuncoes.csproj", "{AADB256E-4292-48CE-B572-D33957CAD84C}"
EndProject
Global
	GlobalSection(SolutionConfigurationPlatforms) = preSolution
		Debug|Any CPU = Debug|Any CPU
		Release|Any CPU = Release|Any CPU
	EndGlobalSection
	GlobalSection(ProjectConfigurationPlatforms) = postSolution
		{AADB256E-4292-48CE-B572-D33957CAD84C}.Debug|Any CPU.ActiveCfg = Debug|Any CPU
		{AADB256E-4292-48CE-B572-D33957CAD84C}.Debug|Any CPU.Build.0 = Debug|Any CPU
		{AADB256E-4292-48CE-B572-D33957CAD84C}.Release|Any CPU.ActiveCfg = Release|Any CPU
		{AADB256E-4292-48CE-B572-D33957CAD84C}.Release|Any CPU.Build.0 = Release|Any CPU
	EndGlobalSection
	GlobalSection(SolutionProperties) = preSolution
		HideSolutionNode = FALSE
	EndGlobalSection
	GlobalSection(ExtensibilityGlobals) = postSolution
		SolutionGuid = {880E949A-733A-4A61-BD1B-EB88664E7AA0}
	EndGlobalSection
EndGlobal
